// !$*UTF8*$!
{
	archiveVersion = 1;
	classes = {
	};
	objectVersion = 56;
	objects = {

/* Begin PBXBuildFile section */
		EB8C64D82C6CC32400D2D5A9 /* DetectivePuzzlesApp.swift in Sources */ = {isa = PBXBuildFile; fileRef = EB8C64D72C6CC32400D2D5A9 /* DetectivePuzzlesApp.swift */; };
		EB8C64DA2C6CC32400D2D5A9 /* ContentView.swift in Sources */ = {isa = PBXBuildFile; fileRef = EB8C64D92C6CC32400D2D5A9 /* ContentView.swift */; };
		EB8C64DC2C6CC32500D2D5A9 /* Assets.xcassets in Resources */ = {isa = PBXBuildFile; fileRef = EB8C64DB2C6CC32500D2D5A9 /* Assets.xcassets */; };
		EB8C64DF2C6CC32500D2D5A9 /* Preview Assets.xcassets in Resources */ = {isa = PBXBuildFile; fileRef = EB8C64DE2C6CC32500D2D5A9 /* Preview Assets.xcassets */; };
		EB8C64E72C6CC42800D2D5A9 /* GoogleGenerativeAI in Frameworks */ = {isa = PBXBuildFile; productRef = EB8C64E62C6CC42800D2D5A9 /* GoogleGenerativeAI */; };
		EB8C64E92C6CC70F00D2D5A9 /* GenerativeAI-Info.plist in Resources */ = {isa = PBXBuildFile; fileRef = EB8C64E82C6CC70F00D2D5A9 /* GenerativeAI-Info.plist */; };
		EB8C64EB2C6CC76800D2D5A9 /* APIKey.swift in Sources */ = {isa = PBXBuildFile; fileRef = EB8C64EA2C6CC76800D2D5A9 /* APIKey.swift */; };
		EB8C64ED2C6CF3EF00D2D5A9 /* .gitignore.md in Resources */ = {isa = PBXBuildFile; fileRef = EB8C64EC2C6CF3EF00D2D5A9 /* .gitignore.md */; };
/* End PBXBuildFile section */

/* Begin PBXFileReference section */
		EB8C64D42C6CC32400D2D5A9 /* DetectivePuzzles.app */ = {isa = PBXFileReference; explicitFileType = wrapper.application; includeInIndex = 0; path = DetectivePuzzles.app; sourceTree = BUILT_PRODUCTS_DIR; };
		EB8C64D72C6CC32400D2D5A9 /* DetectivePuzzlesApp.swift */ = {isa = PBXFileReference; lastKnownFileType = sourcecode.swift; path = DetectivePuzzlesApp.swift; sourceTree = "<group>"; };
		EB8C64D92C6CC32400D2D5A9 /* ContentView.swift */ = {isa = PBXFileReference; lastKnownFileType = sourcecode.swift; path = ContentView.swift; sourceTree = "<group>"; };
		EB8C64DB2C6CC32500D2D5A9 /* Assets.xcassets */ = {isa = PBXFileReference; lastKnownFileType = folder.assetcatalog; path = Assets.xcassets; sourceTree = "<group>"; };
		EB8C64DE2C6CC32500D2D5A9 /* Preview Assets.xcassets */ = {isa = PBXFileReference; lastKnownFileType = folder.assetcatalog; path = "Preview Assets.xcassets"; sourceTree = "<group>"; };
		EB8C64E82C6CC70F00D2D5A9 /* GenerativeAI-Info.plist */ = {isa = PBXFileReference; lastKnownFileType = text.plist.xml; path = "GenerativeAI-Info.plist"; sourceTree = "<group>"; };
		EB8C64EA2C6CC76800D2D5A9 /* APIKey.swift */ = {isa = PBXFileReference; lastKnownFileType = sourcecode.swift; path = APIKey.swift; sourceTree = "<group>"; };
		EB8C64EC2C6CF3EF00D2D5A9 /* .gitignore.md */ = {isa = PBXFileReference; lastKnownFileType = net.daringfireball.markdown; path = .gitignore.md; sourceTree = "<group>"; };
/* End PBXFileReference section */

/* Begin PBXFrameworksBuildPhase section */
		EB8C64D12C6CC32400D2D5A9 /* Frameworks */ = {
			isa = PBXFrameworksBuildPhase;
			buildActionMask = 2147483647;
			files = (
				EB8C64E72C6CC42800D2D5A9 /* GoogleGenerativeAI in Frameworks */,
			);
			runOnlyForDeploymentPostprocessing = 0;
		};
/* End PBXFrameworksBuildPhase section */

/* Begin PBXGroup section */
		EB8C64CB2C6CC32400D2D5A9 = {
			isa = PBXGroup;
			children = (
				EB8C64EC2C6CF3EF00D2D5A9 /* .gitignore.md */,
				EB8C64D62C6CC32400D2D5A9 /* DetectivePuzzles */,
				EB8C64D52C6CC32400D2D5A9 /* Products */,
			);
			sourceTree = "<group>";
		};
		EB8C64D52C6CC32400D2D5A9 /* Products */ = {
			isa = PBXGroup;
			children = (
				EB8C64D42C6CC32400D2D5A9 /* DetectivePuzzles.app */,
			);
			name = Products;
			sourceTree = "<group>";
		};
		EB8C64D62C6CC32400D2D5A9 /* DetectivePuzzles */ = {
			isa = PBXGroup;
			children = (
				EB8C64D72C6CC32400D2D5A9 /* DetectivePuzzlesApp.swift */,
				EB8C64D92C6CC32400D2D5A9 /* ContentView.swift */,
				EB8C64DB2C6CC32500D2D5A9 /* Assets.xcassets */,
				EB8C64DD2C6CC32500D2D5A9 /* Preview Content */,
				EB8C64E82C6CC70F00D2D5A9 /* GenerativeAI-Info.plist */,
				EB8C64EA2C6CC76800D2D5A9 /* APIKey.swift */,
			);
			path = DetectivePuzzles;
			sourceTree = "<group>";
		};
		EB8C64DD2C6CC32500D2D5A9 /* Preview Content */ = {
			isa = PBXGroup;
			children = (
				EB8C64DE2C6CC32500D2D5A9 /* Preview Assets.xcassets */,
			);
			path = "Preview Content";
			sourceTree = "<group>";
		};
/* End PBXGroup section */

/* Begin PBXNativeTarget section */
		EB8C64D32C6CC32400D2D5A9 /* DetectivePuzzles */ = {
			isa = PBXNativeTarget;
			buildConfigurationList = EB8C64E22C6CC32500D2D5A9 /* Build configuration list for PBXNativeTarget "DetectivePuzzles" */;
			buildPhases = (
				EB8C64D02C6CC32400D2D5A9 /* Sources */,
				EB8C64D12C6CC32400D2D5A9 /* Frameworks */,
				EB8C64D22C6CC32400D2D5A9 /* Resources */,
			);
			buildRules = (
			);
			dependencies = (
			);
			name = DetectivePuzzles;
			packageProductDependencies = (
				EB8C64E62C6CC42800D2D5A9 /* GoogleGenerativeAI */,
			);
			productName = DetectivePuzzles;
			productReference = EB8C64D42C6CC32400D2D5A9 /* DetectivePuzzles.app */;
			productType = "com.apple.product-type.application";
		};
/* End PBXNativeTarget section */

/* Begin PBXProject section */
		EB8C64CC2C6CC32400D2D5A9 /* Project object */ = {
			isa = PBXProject;
			attributes = {
				BuildIndependentTargetsInParallel = 1;
				LastSwiftUpdateCheck = 1540;
				LastUpgradeCheck = 1540;
				TargetAttributes = {
					EB8C64D32C6CC32400D2D5A9 = {
						CreatedOnToolsVersion = 15.4;
					};
				};
			};
			buildConfigurationList = EB8C64CF2C6CC32400D2D5A9 /* Build configuration list for PBXProject "DetectivePuzzles" */;
			compatibilityVersion = "Xcode 14.0";
			developmentRegion = en;
			hasScannedForEncodings = 0;
			knownRegions = (
				en,
				Base,
			);
			mainGroup = EB8C64CB2C6CC32400D2D5A9;
			packageReferences = (
				EB8C64E52C6CC42800D2D5A9 /* XCRemoteSwiftPackageReference "generative-ai-swift" */,
			);
			productRefGroup = EB8C64D52C6CC32400D2D5A9 /* Products */;
			projectDirPath = "";
			projectRoot = "";
			targets = (
				EB8C64D32C6CC32400D2D5A9 /* DetectivePuzzles */,
			);
		};
/* End PBXProject section */

/* Begin PBXResourcesBuildPhase section */
		EB8C64D22C6CC32400D2D5A9 /* Resources */ = {
			isa = PBXResourcesBuildPhase;
			buildActionMask = 2147483647;
			files = (
				EB8C64DF2C6CC32500D2D5A9 /* Preview Assets.xcassets in Resources */,
				EB8C64DC2C6CC32500D2D5A9 /* Assets.xcassets in Resources */,
				EB8C64ED2C6CF3EF00D2D5A9 /* .gitignore.md in Resources */,
				EB8C64E92C6CC70F00D2D5A9 /* GenerativeAI-Info.plist in Resources */,
			);
			runOnlyForDeploymentPostprocessing = 0;
		};
/* End PBXResourcesBuildPhase section */

/* Begin PBXSourcesBuildPhase section */
		EB8C64D02C6CC32400D2D5A9 /* Sources */ = {
			isa = PBXSourcesBuildPhase;
			buildActionMask = 2147483647;
			files = (
				EB8C64DA2C6CC32400D2D5A9 /* ContentView.swift in Sources */,
				EB8C64EB2C6CC76800D2D5A9 /* APIKey.swift in Sources */,
				EB8C64D82C6CC32400D2D5A9 /* DetectivePuzzlesApp.swift in Sources */,
			);
			runOnlyForDeploymentPostprocessing = 0;
		};
/* End PBXSourcesBuildPhase section */

/* Begin XCBuildConfiguration section */
		EB8C64E02C6CC32500D2D5A9 /* Debug */ = {
			isa = XCBuildConfiguration;
			buildSettings = {
				ALWAYS_SEARCH_USER_PATHS = NO;
				ASSETCATALOG_COMPILER_GENERATE_SWIFT_ASSET_SYMBOL_EXTENSIONS = YES;
				CLANG_ANALYZER_NONNULL = YES;
				CLANG_ANALYZER_NUMBER_OBJECT_CONVERSION = YES_AGGRESSIVE;
				CLANG_CXX_LANGUAGE_STANDARD = "gnu++20";
				CLANG_ENABLE_MODULES = YES;
				CLANG_ENABLE_OBJC_ARC = YES;
				CLANG_ENABLE_OBJC_WEAK = YES;
				CLANG_WARN_BLOCK_CAPTURE_AUTORELEASING = YES;
				CLANG_WARN_BOOL_CONVERSION = YES;
				CLANG_WARN_COMMA = YES;
				CLANG_WARN_CONSTANT_CONVERSION = YES;
				CLANG_WARN_DEPRECATED_OBJC_IMPLEMENTATIONS = YES;
				CLANG_WARN_DIRECT_OBJC_ISA_USAGE = YES_ERROR;
				CLANG_WARN_DOCUMENTATION_COMMENTS = YES;
				CLANG_WARN_EMPTY_BODY = YES;
				CLANG_WARN_ENUM_CONVERSION = YES;
				CLANG_WARN_INFINITE_RECURSION = YES;
				CLANG_WARN_INT_CONVERSION = YES;
				CLANG_WARN_NON_LITERAL_NULL_CONVERSION = YES;
				CLANG_WARN_OBJC_IMPLICIT_RETAIN_SELF = YES;
				CLANG_WARN_OBJC_LITERAL_CONVERSION = YES;
				CLANG_WARN_OBJC_ROOT_CLASS = YES_ERROR;
				CLANG_WARN_QUOTED_INCLUDE_IN_FRAMEWORK_HEADER = YES;
				CLANG_WARN_RANGE_LOOP_ANALYSIS = YES;
				CLANG_WARN_STRICT_PROTOTYPES = YES;
				CLANG_WARN_SUSPICIOUS_MOVE = YES;
				CLANG_WARN_UNGUARDED_AVAILABILITY = YES_AGGRESSIVE;
				CLANG_WARN_UNREACHABLE_CODE = YES;
				CLANG_WARN__DUPLICATE_METHOD_MATCH = YES;
				COPY_PHASE_STRIP = NO;
				DEBUG_INFORMATION_FORMAT = dwarf;
				ENABLE_STRICT_OBJC_MSGSEND = YES;
				ENABLE_TESTABILITY = YES;
				ENABLE_USER_SCRIPT_SANDBOXING = YES;
				GCC_C_LANGUAGE_STANDARD = gnu17;
				GCC_DYNAMIC_NO_PIC = NO;
				GCC_NO_COMMON_BLOCKS = YES;
				GCC_OPTIMIZATION_LEVEL = 0;
				GCC_PREPROCESSOR_DEFINITIONS = (
					"DEBUG=1",
					"$(inherited)",
				);
				GCC_WARN_64_TO_32_BIT_CONVERSION = YES;
				GCC_WARN_ABOUT_RETURN_TYPE = YES_ERROR;
				GCC_WARN_UNDECLARED_SELECTOR = YES;
				GCC_WARN_UNINITIALIZED_AUTOS = YES_AGGRESSIVE;
				GCC_WARN_UNUSED_FUNCTION = YES;
				GCC_WARN_UNUSED_VARIABLE = YES;
				IPHONEOS_DEPLOYMENT_TARGET = 17.5;
				LOCALIZATION_PREFERS_STRING_CATALOGS = YES;
				MTL_ENABLE_DEBUG_INFO = INCLUDE_SOURCE;
				MTL_FAST_MATH = YES;
				ONLY_ACTIVE_ARCH = YES;
				SDKROOT = iphoneos;
				SWIFT_ACTIVE_COMPILATION_CONDITIONS = "DEBUG $(inherited)";
				SWIFT_OPTIMIZATION_LEVEL = "-Onone";
			};
			name = Debug;
		};
		EB8C64E12C6CC32500D2D5A9 /* Release */ = {
			isa = XCBuildConfiguration;
			buildSettings = {
				ALWAYS_SEARCH_USER_PATHS = NO;
				ASSETCATALOG_COMPILER_GENERATE_SWIFT_ASSET_SYMBOL_EXTENSIONS = YES;
				CLANG_ANALYZER_NONNULL = YES;
				CLANG_ANALYZER_NUMBER_OBJECT_CONVERSION = YES_AGGRESSIVE;
				CLANG_CXX_LANGUAGE_STANDARD = "gnu++20";
				CLANG_ENABLE_MODULES = YES;
				CLANG_ENABLE_OBJC_ARC = YES;
				CLANG_ENABLE_OBJC_WEAK = YES;
				CLANG_WARN_BLOCK_CAPTURE_AUTORELEASING = YES;
				CLANG_WARN_BOOL_CONVERSION = YES;
				CLANG_WARN_COMMA = YES;
				CLANG_WARN_CONSTANT_CONVERSION = YES;
				CLANG_WARN_DEPRECATED_OBJC_IMPLEMENTATIONS = YES;
				CLANG_WARN_DIRECT_OBJC_ISA_USAGE = YES_ERROR;
				CLANG_WARN_DOCUMENTATION_COMMENTS = YES;
				CLANG_WARN_EMPTY_BODY = YES;
				CLANG_WARN_ENUM_CONVERSION = YES;
				CLANG_WARN_INFINITE_RECURSION = YES;
				CLANG_WARN_INT_CONVERSION = YES;
				CLANG_WARN_NON_LITERAL_NULL_CONVERSION = YES;
				CLANG_WARN_OBJC_IMPLICIT_RETAIN_SELF = YES;
				CLANG_WARN_OBJC_LITERAL_CONVERSION = YES;
				CLANG_WARN_OBJC_ROOT_CLASS = YES_ERROR;
				CLANG_WARN_QUOTED_INCLUDE_IN_FRAMEWORK_HEADER = YES;
				CLANG_WARN_RANGE_LOOP_ANALYSIS = YES;
				CLANG_WARN_STRICT_PROTOTYPES = YES;
				CLANG_WARN_SUSPICIOUS_MOVE = YES;
				CLANG_WARN_UNGUARDED_AVAILABILITY = YES_AGGRESSIVE;
				CLANG_WARN_UNREACHABLE_CODE = YES;
				CLANG_WARN__DUPLICATE_METHOD_MATCH = YES;
				COPY_PHASE_STRIP = NO;
				DEBUG_INFORMATION_FORMAT = "dwarf-with-dsym";
				ENABLE_NS_ASSERTIONS = NO;
				ENABLE_STRICT_OBJC_MSGSEND = YES;
				ENABLE_USER_SCRIPT_SANDBOXING = YES;
				GCC_C_LANGUAGE_STANDARD = gnu17;
				GCC_NO_COMMON_BLOCKS = YES;
				GCC_WARN_64_TO_32_BIT_CONVERSION = YES;
				GCC_WARN_ABOUT_RETURN_TYPE = YES_ERROR;
				GCC_WARN_UNDECLARED_SELECTOR = YES;
				GCC_WARN_UNINITIALIZED_AUTOS = YES_AGGRESSIVE;
				GCC_WARN_UNUSED_FUNCTION = YES;
				GCC_WARN_UNUSED_VARIABLE = YES;
				IPHONEOS_DEPLOYMENT_TARGET = 17.5;
				LOCALIZATION_PREFERS_STRING_CATALOGS = YES;
				MTL_ENABLE_DEBUG_INFO = NO;
				MTL_FAST_MATH = YES;
				SDKROOT = iphoneos;
				SWIFT_COMPILATION_MODE = wholemodule;
				VALIDATE_PRODUCT = YES;
			};
			name = Release;
		};
		EB8C64E32C6CC32500D2D5A9 /* Debug */ = {
			isa = XCBuildConfiguration;
			buildSettings = {
				ASSETCATALOG_COMPILER_APPICON_NAME = AppIcon;
				ASSETCATALOG_COMPILER_GLOBAL_ACCENT_COLOR_NAME = AccentColor;
				CODE_SIGN_STYLE = Automatic;
				CURRENT_PROJECT_VERSION = 1;
				DEVELOPMENT_ASSET_PATHS = "\"DetectivePuzzles/Preview Content\"";
				DEVELOPMENT_TEAM = A7P92PH4B4;
				ENABLE_PREVIEWS = YES;
				GENERATE_INFOPLIST_FILE = YES;
				INFOPLIST_KEY_UIApplicationSceneManifest_Generation = YES;
				INFOPLIST_KEY_UIApplicationSupportsIndirectInputEvents = YES;
				INFOPLIST_KEY_UILaunchScreen_Generation = YES;
				INFOPLIST_KEY_UISupportedInterfaceOrientations_iPad = "UIInterfaceOrientationPortrait UIInterfaceOrientationPortraitUpsideDown UIInterfaceOrientationLandscapeLeft UIInterfaceOrientationLandscapeRight";
				INFOPLIST_KEY_UISupportedInterfaceOrientations_iPhone = "UIInterfaceOrientationPortrait UIInterfaceOrientationLandscapeLeft UIInterfaceOrientationLandscapeRight";
				LD_RUNPATH_SEARCH_PATHS = (
					"$(inherited)",
					"@executable_path/Frameworks",
				);
				MARKETING_VERSION = 1.0;
				PRODUCT_BUNDLE_IDENTIFIER = com.sualpdanaci.DetectivePuzzles;
				PRODUCT_NAME = "$(TARGET_NAME)";
				SWIFT_EMIT_LOC_STRINGS = YES;
				SWIFT_VERSION = 5.0;
				TARGETED_DEVICE_FAMILY = "1,2";
			};
			name = Debug;
		};
		EB8C64E42C6CC32500D2D5A9 /* Release */ = {
			isa = XCBuildConfiguration;
			buildSettings = {
				ASSETCATALOG_COMPILER_APPICON_NAME = AppIcon;
				ASSETCATALOG_COMPILER_GLOBAL_ACCENT_COLOR_NAME = AccentColor;
				CODE_SIGN_STYLE = Automatic;
				CURRENT_PROJECT_VERSION = 1;
				DEVELOPMENT_ASSET_PATHS = "\"DetectivePuzzles/Preview Content\"";
				DEVELOPMENT_TEAM = A7P92PH4B4;
				ENABLE_PREVIEWS = YES;
				GENERATE_INFOPLIST_FILE = YES;
				INFOPLIST_KEY_UIApplicationSceneManifest_Generation = YES;
				INFOPLIST_KEY_UIApplicationSupportsIndirectInputEvents = YES;
				INFOPLIST_KEY_UILaunchScreen_Generation = YES;
				INFOPLIST_KEY_UISupportedInterfaceOrientations_iPad = "UIInterfaceOrientationPortrait UIInterfaceOrientationPortraitUpsideDown UIInterfaceOrientationLandscapeLeft UIInterfaceOrientationLandscapeRight";
				INFOPLIST_KEY_UISupportedInterfaceOrientations_iPhone = "UIInterfaceOrientationPortrait UIInterfaceOrientationLandscapeLeft UIInterfaceOrientationLandscapeRight";
				LD_RUNPATH_SEARCH_PATHS = (
					"$(inherited)",
					"@executable_path/Frameworks",
				);
				MARKETING_VERSION = 1.0;
				PRODUCT_BUNDLE_IDENTIFIER = com.sualpdanaci.DetectivePuzzles;
				PRODUCT_NAME = "$(TARGET_NAME)";
				SWIFT_EMIT_LOC_STRINGS = YES;
				SWIFT_VERSION = 5.0;
				TARGETED_DEVICE_FAMILY = "1,2";
			};
			name = Release;
		};
/* End XCBuildConfiguration section */

/* Begin XCConfigurationList section */
		EB8C64CF2C6CC32400D2D5A9 /* Build configuration list for PBXProject "DetectivePuzzles" */ = {
			isa = XCConfigurationList;
			buildConfigurations = (
				EB8C64E02C6CC32500D2D5A9 /* Debug */,
				EB8C64E12C6CC32500D2D5A9 /* Release */,
			);
			defaultConfigurationIsVisible = 0;
			defaultConfigurationName = Release;
		};
		EB8C64E22C6CC32500D2D5A9 /* Build configuration list for PBXNativeTarget "DetectivePuzzles" */ = {
			isa = XCConfigurationList;
			buildConfigurations = (
				EB8C64E32C6CC32500D2D5A9 /* Debug */,
				EB8C64E42C6CC32500D2D5A9 /* Release */,
			);
			defaultConfigurationIsVisible = 0;
			defaultConfigurationName = Release;
		};
/* End XCConfigurationList section */

/* Begin XCRemoteSwiftPackageReference section */
		EB8C64E52C6CC42800D2D5A9 /* XCRemoteSwiftPackageReference "generative-ai-swift" */ = {
			isa = XCRemoteSwiftPackageReference;
			repositoryURL = "https://github.com/google/generative-ai-swift";
			requirement = {
				kind = upToNextMajorVersion;
				minimumVersion = 0.5.5;
			};
		};
/* End XCRemoteSwiftPackageReference section */

/* Begin XCSwiftPackageProductDependency section */
		EB8C64E62C6CC42800D2D5A9 /* GoogleGenerativeAI */ = {
			isa = XCSwiftPackageProductDependency;
			package = EB8C64E52C6CC42800D2D5A9 /* XCRemoteSwiftPackageReference "generative-ai-swift" */;
			productName = GoogleGenerativeAI;
		};
/* End XCSwiftPackageProductDependency section */
	};
	rootObject = EB8C64CC2C6CC32400D2D5A9 /* Project object */;
}
